
Microsoft Visual Studio Solution File, Format Version 12.00
Project("{FAE04EC0-301F-11D3-BF4B-00C04F79EFBC}") = "NAPS2.Sane.Binaries", "NAPS2.Sane.Binaries\NAPS2.Sane.Binaries.csproj", "{4A04A7EE-51F5-4042-AA0E-47CB9CA6F4A3}"
EndProject
Global
	GlobalSection(SolutionConfigurationPlatforms) = preSolution
		Debug|Any CPU = Debug|Any CPU
		Release|Any CPU = Release|Any CPU
	EndGlobalSection
	GlobalSection(ProjectConfigurationPlatforms) = postSolution
		{4A04A7EE-51F5-4042-AA0E-47CB9CA6F4A3}.Debug|Any CPU.ActiveCfg = Debug|Any CPU
		{4A04A7EE-51F5-4042-AA0E-47CB9CA6F4A3}.Debug|Any CPU.Build.0 = Debug|Any CPU
		{4A04A7EE-51F5-4042-AA0E-47CB9CA6F4A3}.Release|Any CPU.ActiveCfg = Release|Any CPU
		{4A04A7EE-51F5-4042-AA0E-47CB9CA6F4A3}.Release|Any CPU.Build.0 = Release|Any CPU
	EndGlobalSection
EndGlobal
